// !$*UTF8*$!
{
	archiveVersion = 1;
	classes = {
	};
	objectVersion = 46;
	objects = {

/* Begin PBXBuildFile section */
		0459E2C21B85D0500030AF52 /* BaseViewController.m in Sources */ = {isa = PBXBuildFile; fileRef = 0459E2C11B85D0500030AF52 /* BaseViewController.m */; };
		0459E2C51B85D0630030AF52 /* BaseTableViewController.m in Sources */ = {isa = PBXBuildFile; fileRef = 0459E2C41B85D0630030AF52 /* BaseTableViewController.m */; };
		425FB2E51B84C23B00B6A89B /* main.m in Sources */ = {isa = PBXBuildFile; fileRef = 425FB2E41B84C23B00B6A89B /* main.m */; };
		425FB2E81B84C23B00B6A89B /* AppDelegate.m in Sources */ = {isa = PBXBuildFile; fileRef = 425FB2E71B84C23B00B6A89B /* AppDelegate.m */; };
		425FB2EB1B84C23B00B6A89B /* GuitarChina.xcdatamodeld in Sources */ = {isa = PBXBuildFile; fileRef = 425FB2E91B84C23B00B6A89B /* GuitarChina.xcdatamodeld */; };
		425FB2EE1B84C23B00B6A89B /* ViewController.m in Sources */ = {isa = PBXBuildFile; fileRef = 425FB2ED1B84C23B00B6A89B /* ViewController.m */; };
		425FB2F11B84C23B00B6A89B /* Main.storyboard in Resources */ = {isa = PBXBuildFile; fileRef = 425FB2EF1B84C23B00B6A89B /* Main.storyboard */; };
		425FB2F31B84C23B00B6A89B /* Images.xcassets in Resources */ = {isa = PBXBuildFile; fileRef = 425FB2F21B84C23B00B6A89B /* Images.xcassets */; };
		425FB2F61B84C23B00B6A89B /* LaunchScreen.xib in Resources */ = {isa = PBXBuildFile; fileRef = 425FB2F41B84C23B00B6A89B /* LaunchScreen.xib */; };
		425FB3021B84C23B00B6A89B /* GuitarChinaTests.m in Sources */ = {isa = PBXBuildFile; fileRef = 425FB3011B84C23B00B6A89B /* GuitarChinaTests.m */; };
		428260681B84CE03007CBCF4 /* GCNetworkManager.m in Sources */ = {isa = PBXBuildFile; fileRef = 428260671B84CE03007CBCF4 /* GCNetworkManager.m */; };
		42F4689C1B8779B30010DA70 /* GCHotThreadArray.m in Sources */ = {isa = PBXBuildFile; fileRef = 42F4689B1B8779B30010DA70 /* GCHotThreadArray.m */; };
		CEFC34C235C11966848A8595 /* libPods.a in Frameworks */ = {isa = PBXBuildFile; fileRef = 2F829F5DD46C688C9B2385EC /* libPods.a */; };
/* End PBXBuildFile section */

/* Begin PBXContainerItemProxy section */
		425FB2FC1B84C23B00B6A89B /* PBXContainerItemProxy */ = {
			isa = PBXContainerItemProxy;
			containerPortal = 425FB2D71B84C23B00B6A89B /* Project object */;
			proxyType = 1;
			remoteGlobalIDString = 425FB2DE1B84C23B00B6A89B;
			remoteInfo = GuitarChina;
		};
/* End PBXContainerItemProxy section */

/* Begin PBXFileReference section */
		0459E2C01B85D0500030AF52 /* BaseViewController.h */ = {isa = PBXFileReference; fileEncoding = 4; lastKnownFileType = sourcecode.c.h; path = BaseViewController.h; sourceTree = "<group>"; };
		0459E2C11B85D0500030AF52 /* BaseViewController.m */ = {isa = PBXFileReference; fileEncoding = 4; lastKnownFileType = sourcecode.c.objc; path = BaseViewController.m; sourceTree = "<group>"; };
		0459E2C31B85D0630030AF52 /* BaseTableViewController.h */ = {isa = PBXFileReference; fileEncoding = 4; lastKnownFileType = sourcecode.c.h; path = BaseTableViewController.h; sourceTree = "<group>"; };
		0459E2C41B85D0630030AF52 /* BaseTableViewController.m */ = {isa = PBXFileReference; fileEncoding = 4; lastKnownFileType = sourcecode.c.objc; path = BaseTableViewController.m; sourceTree = "<group>"; };
		2C73355A6429B32FC1969A32 /* Pods.debug.xcconfig */ = {isa = PBXFileReference; includeInIndex = 1; lastKnownFileType = text.xcconfig; name = Pods.debug.xcconfig; path = "Pods/Target Support Files/Pods/Pods.debug.xcconfig"; sourceTree = "<group>"; };
		2F829F5DD46C688C9B2385EC /* libPods.a */ = {isa = PBXFileReference; explicitFileType = archive.ar; includeInIndex = 0; path = libPods.a; sourceTree = BUILT_PRODUCTS_DIR; };
		425FB2DF1B84C23B00B6A89B /* GuitarChina.app */ = {isa = PBXFileReference; explicitFileType = wrapper.application; includeInIndex = 0; path = GuitarChina.app; sourceTree = BUILT_PRODUCTS_DIR; };
		425FB2E31B84C23B00B6A89B /* Info.plist */ = {isa = PBXFileReference; lastKnownFileType = text.plist.xml; path = Info.plist; sourceTree = "<group>"; };
		425FB2E41B84C23B00B6A89B /* main.m */ = {isa = PBXFileReference; lastKnownFileType = sourcecode.c.objc; path = main.m; sourceTree = "<group>"; };
		425FB2E61B84C23B00B6A89B /* AppDelegate.h */ = {isa = PBXFileReference; lastKnownFileType = sourcecode.c.h; path = AppDelegate.h; sourceTree = "<group>"; };
		425FB2E71B84C23B00B6A89B /* AppDelegate.m */ = {isa = PBXFileReference; lastKnownFileType = sourcecode.c.objc; path = AppDelegate.m; sourceTree = "<group>"; };
		425FB2EA1B84C23B00B6A89B /* GuitarChina.xcdatamodel */ = {isa = PBXFileReference; lastKnownFileType = wrapper.xcdatamodel; path = GuitarChina.xcdatamodel; sourceTree = "<group>"; };
		425FB2EC1B84C23B00B6A89B /* ViewController.h */ = {isa = PBXFileReference; lastKnownFileType = sourcecode.c.h; path = ViewController.h; sourceTree = "<group>"; };
		425FB2ED1B84C23B00B6A89B /* ViewController.m */ = {isa = PBXFileReference; lastKnownFileType = sourcecode.c.objc; path = ViewController.m; sourceTree = "<group>"; };
		425FB2F01B84C23B00B6A89B /* Base */ = {isa = PBXFileReference; lastKnownFileType = file.storyboard; name = Base; path = Base.lproj/Main.storyboard; sourceTree = "<group>"; };
		425FB2F21B84C23B00B6A89B /* Images.xcassets */ = {isa = PBXFileReference; lastKnownFileType = folder.assetcatalog; path = Images.xcassets; sourceTree = "<group>"; };
		425FB2F51B84C23B00B6A89B /* Base */ = {isa = PBXFileReference; lastKnownFileType = file.xib; name = Base; path = Base.lproj/LaunchScreen.xib; sourceTree = "<group>"; };
		425FB2FB1B84C23B00B6A89B /* GuitarChinaTests.xctest */ = {isa = PBXFileReference; explicitFileType = wrapper.cfbundle; includeInIndex = 0; path = GuitarChinaTests.xctest; sourceTree = BUILT_PRODUCTS_DIR; };
		425FB3001B84C23B00B6A89B /* Info.plist */ = {isa = PBXFileReference; lastKnownFileType = text.plist.xml; path = Info.plist; sourceTree = "<group>"; };
		425FB3011B84C23B00B6A89B /* GuitarChinaTests.m */ = {isa = PBXFileReference; lastKnownFileType = sourcecode.c.objc; path = GuitarChinaTests.m; sourceTree = "<group>"; };
		428260591B84C533007CBCF4 /* PrefixHeader.pch */ = {isa = PBXFileReference; fileEncoding = 4; lastKnownFileType = sourcecode.c.h; path = PrefixHeader.pch; sourceTree = "<group>"; };
		428260631B84CDCF007CBCF4 /* GCNetworkAPI.h */ = {isa = PBXFileReference; fileEncoding = 4; lastKnownFileType = sourcecode.c.h; path = GCNetworkAPI.h; sourceTree = "<group>"; };
		428260661B84CE03007CBCF4 /* GCNetworkManager.h */ = {isa = PBXFileReference; fileEncoding = 4; lastKnownFileType = sourcecode.c.h; path = GCNetworkManager.h; sourceTree = "<group>"; };
		428260671B84CE03007CBCF4 /* GCNetworkManager.m */ = {isa = PBXFileReference; fileEncoding = 4; lastKnownFileType = sourcecode.c.objc; path = GCNetworkManager.m; sourceTree = "<group>"; };
		42F4689A1B8779B30010DA70 /* GCHotThreadArray.h */ = {isa = PBXFileReference; fileEncoding = 4; lastKnownFileType = sourcecode.c.h; path = GCHotThreadArray.h; sourceTree = "<group>"; };
		42F4689B1B8779B30010DA70 /* GCHotThreadArray.m */ = {isa = PBXFileReference; fileEncoding = 4; lastKnownFileType = sourcecode.c.objc; path = GCHotThreadArray.m; sourceTree = "<group>"; };
		AFDC071C669AEB06233DAB0B /* Pods.release.xcconfig */ = {isa = PBXFileReference; includeInIndex = 1; lastKnownFileType = text.xcconfig; name = Pods.release.xcconfig; path = "Pods/Target Support Files/Pods/Pods.release.xcconfig"; sourceTree = "<group>"; };
/* End PBXFileReference section */

/* Begin PBXFrameworksBuildPhase section */
		425FB2DC1B84C23B00B6A89B /* Frameworks */ = {
			isa = PBXFrameworksBuildPhase;
			buildActionMask = 2147483647;
			files = (
				CEFC34C235C11966848A8595 /* libPods.a in Frameworks */,
			);
			runOnlyForDeploymentPostprocessing = 0;
		};
		425FB2F81B84C23B00B6A89B /* Frameworks */ = {
			isa = PBXFrameworksBuildPhase;
			buildActionMask = 2147483647;
			files = (
			);
			runOnlyForDeploymentPostprocessing = 0;
		};
/* End PBXFrameworksBuildPhase section */

/* Begin PBXGroup section */
		0F41C248D61EFD30EA073F7A /* Frameworks */ = {
			isa = PBXGroup;
			children = (
				2F829F5DD46C688C9B2385EC /* libPods.a */,
			);
			name = Frameworks;
			sourceTree = "<group>";
		};
		425FB2D61B84C23B00B6A89B = {
			isa = PBXGroup;
			children = (
				425FB2E11B84C23B00B6A89B /* GuitarChina */,
				425FB2FE1B84C23B00B6A89B /* GuitarChinaTests */,
				425FB2E01B84C23B00B6A89B /* Products */,
				AB640BEDEDAD0ED6AD1E1485 /* Pods */,
				0F41C248D61EFD30EA073F7A /* Frameworks */,
			);
			sourceTree = "<group>";
		};
		425FB2E01B84C23B00B6A89B /* Products */ = {
			isa = PBXGroup;
			children = (
				425FB2DF1B84C23B00B6A89B /* GuitarChina.app */,
				425FB2FB1B84C23B00B6A89B /* GuitarChinaTests.xctest */,
			);
			name = Products;
			sourceTree = "<group>";
		};
		425FB2E11B84C23B00B6A89B /* GuitarChina */ = {
			isa = PBXGroup;
			children = (
				42F468991B87797C0010DA70 /* Models */,
				4282605C1B84CA51007CBCF4 /* Network */,
				425FB2E61B84C23B00B6A89B /* AppDelegate.h */,
				425FB2E71B84C23B00B6A89B /* AppDelegate.m */,
				425FB2EC1B84C23B00B6A89B /* ViewController.h */,
				425FB2ED1B84C23B00B6A89B /* ViewController.m */,
				425FB2EF1B84C23B00B6A89B /* Main.storyboard */,
				425FB2F21B84C23B00B6A89B /* Images.xcassets */,
				425FB2F41B84C23B00B6A89B /* LaunchScreen.xib */,
				425FB2E91B84C23B00B6A89B /* GuitarChina.xcdatamodeld */,
				425FB2E21B84C23B00B6A89B /* Supporting Files */,
				0459E2C01B85D0500030AF52 /* BaseViewController.h */,
				0459E2C11B85D0500030AF52 /* BaseViewController.m */,
				0459E2C31B85D0630030AF52 /* BaseTableViewController.h */,
				0459E2C41B85D0630030AF52 /* BaseTableViewController.m */,
			);
			path = GuitarChina;
			sourceTree = "<group>";
		};
		425FB2E21B84C23B00B6A89B /* Supporting Files */ = {
			isa = PBXGroup;
			children = (
				425FB2E31B84C23B00B6A89B /* Info.plist */,
				425FB2E41B84C23B00B6A89B /* main.m */,
				428260591B84C533007CBCF4 /* PrefixHeader.pch */,
			);
			name = "Supporting Files";
			sourceTree = "<group>";
		};
		425FB2FE1B84C23B00B6A89B /* GuitarChinaTests */ = {
			isa = PBXGroup;
			children = (
				425FB3011B84C23B00B6A89B /* GuitarChinaTests.m */,
				425FB2FF1B84C23B00B6A89B /* Supporting Files */,
			);
			path = GuitarChinaTests;
			sourceTree = "<group>";
		};
		425FB2FF1B84C23B00B6A89B /* Supporting Files */ = {
			isa = PBXGroup;
			children = (
				425FB3001B84C23B00B6A89B /* Info.plist */,
			);
			name = "Supporting Files";
			sourceTree = "<group>";
		};
		4282605C1B84CA51007CBCF4 /* Network */ = {
			isa = PBXGroup;
			children = (
				428260631B84CDCF007CBCF4 /* GCNetworkAPI.h */,
				428260661B84CE03007CBCF4 /* GCNetworkManager.h */,
				428260671B84CE03007CBCF4 /* GCNetworkManager.m */,
			);
			path = Network;
			sourceTree = "<group>";
		};
		42F468991B87797C0010DA70 /* Models */ = {
			isa = PBXGroup;
			children = (
				42F4689A1B8779B30010DA70 /* GCHotThreadArray.h */,
				42F4689B1B8779B30010DA70 /* GCHotThreadArray.m */,
			);
			path = Models;
			sourceTree = "<group>";
		};
		AB640BEDEDAD0ED6AD1E1485 /* Pods */ = {
			isa = PBXGroup;
			children = (
				2C73355A6429B32FC1969A32 /* Pods.debug.xcconfig */,
				AFDC071C669AEB06233DAB0B /* Pods.release.xcconfig */,
			);
			name = Pods;
			sourceTree = "<group>";
		};
/* End PBXGroup section */

/* Begin PBXNativeTarget section */
		425FB2DE1B84C23B00B6A89B /* GuitarChina */ = {
			isa = PBXNativeTarget;
			buildConfigurationList = 425FB3051B84C23B00B6A89B /* Build configuration list for PBXNativeTarget "GuitarChina" */;
			buildPhases = (
				E62AB1768536757AA62111BF /* Check Pods Manifest.lock */,
				425FB2DB1B84C23B00B6A89B /* Sources */,
				425FB2DC1B84C23B00B6A89B /* Frameworks */,
				425FB2DD1B84C23B00B6A89B /* Resources */,
				5E174959A530DAA782C4E091 /* Copy Pods Resources */,
			);
			buildRules = (
			);
			dependencies = (
			);
			name = GuitarChina;
			productName = GuitarChina;
			productReference = 425FB2DF1B84C23B00B6A89B /* GuitarChina.app */;
			productType = "com.apple.product-type.application";
		};
		425FB2FA1B84C23B00B6A89B /* GuitarChinaTests */ = {
			isa = PBXNativeTarget;
			buildConfigurationList = 425FB3081B84C23B00B6A89B /* Build configuration list for PBXNativeTarget "GuitarChinaTests" */;
			buildPhases = (
				425FB2F71B84C23B00B6A89B /* Sources */,
				425FB2F81B84C23B00B6A89B /* Frameworks */,
				425FB2F91B84C23B00B6A89B /* Resources */,
			);
			buildRules = (
			);
			dependencies = (
				425FB2FD1B84C23B00B6A89B /* PBXTargetDependency */,
			);
			name = GuitarChinaTests;
			productName = GuitarChinaTests;
			productReference = 425FB2FB1B84C23B00B6A89B /* GuitarChinaTests.xctest */;
			productType = "com.apple.product-type.bundle.unit-test";
		};
/* End PBXNativeTarget section */

/* Begin PBXProject section */
		425FB2D71B84C23B00B6A89B /* Project object */ = {
			isa = PBXProject;
			attributes = {
				LastUpgradeCheck = 0640;
				ORGANIZATIONNAME = "陈大捷";
				TargetAttributes = {
					425FB2DE1B84C23B00B6A89B = {
						CreatedOnToolsVersion = 6.4;
					};
					425FB2FA1B84C23B00B6A89B = {
						CreatedOnToolsVersion = 6.4;
						TestTargetID = 425FB2DE1B84C23B00B6A89B;
					};
				};
			};
			buildConfigurationList = 425FB2DA1B84C23B00B6A89B /* Build configuration list for PBXProject "GuitarChina" */;
			compatibilityVersion = "Xcode 3.2";
			developmentRegion = English;
			hasScannedForEncodings = 0;
			knownRegions = (
				en,
				Base,
			);
			mainGroup = 425FB2D61B84C23B00B6A89B;
			productRefGroup = 425FB2E01B84C23B00B6A89B /* Products */;
			projectDirPath = "";
			projectRoot = "";
			targets = (
				425FB2DE1B84C23B00B6A89B /* GuitarChina */,
				425FB2FA1B84C23B00B6A89B /* GuitarChinaTests */,
			);
		};
/* End PBXProject section */

/* Begin PBXResourcesBuildPhase section */
		425FB2DD1B84C23B00B6A89B /* Resources */ = {
			isa = PBXResourcesBuildPhase;
			buildActionMask = 2147483647;
			files = (
				425FB2F11B84C23B00B6A89B /* Main.storyboard in Resources */,
				425FB2F61B84C23B00B6A89B /* LaunchScreen.xib in Resources */,
				425FB2F31B84C23B00B6A89B /* Images.xcassets in Resources */,
			);
			runOnlyForDeploymentPostprocessing = 0;
		};
		425FB2F91B84C23B00B6A89B /* Resources */ = {
			isa = PBXResourcesBuildPhase;
			buildActionMask = 2147483647;
			files = (
			);
			runOnlyForDeploymentPostprocessing = 0;
		};
/* End PBXResourcesBuildPhase section */

/* Begin PBXShellScriptBuildPhase section */
		5E174959A530DAA782C4E091 /* Copy Pods Resources */ = {
			isa = PBXShellScriptBuildPhase;
			buildActionMask = 2147483647;
			files = (
			);
			inputPaths = (
			);
			name = "Copy Pods Resources";
			outputPaths = (
			);
			runOnlyForDeploymentPostprocessing = 0;
			shellPath = /bin/sh;
			shellScript = "\"${SRCROOT}/Pods/Target Support Files/Pods/Pods-resources.sh\"\n";
			showEnvVarsInLog = 0;
		};
		E62AB1768536757AA62111BF /* Check Pods Manifest.lock */ = {
			isa = PBXShellScriptBuildPhase;
			buildActionMask = 2147483647;
			files = (
			);
			inputPaths = (
			);
			name = "Check Pods Manifest.lock";
			outputPaths = (
			);
			runOnlyForDeploymentPostprocessing = 0;
			shellPath = /bin/sh;
			shellScript = "diff \"${PODS_ROOT}/../Podfile.lock\" \"${PODS_ROOT}/Manifest.lock\" > /dev/null\nif [[ $? != 0 ]] ; then\n    cat << EOM\nerror: The sandbox is not in sync with the Podfile.lock. Run 'pod install' or update your CocoaPods installation.\nEOM\n    exit 1\nfi\n";
			showEnvVarsInLog = 0;
		};
/* End PBXShellScriptBuildPhase section */

/* Begin PBXSourcesBuildPhase section */
		425FB2DB1B84C23B00B6A89B /* Sources */ = {
			isa = PBXSourcesBuildPhase;
			buildActionMask = 2147483647;
			files = (
				425FB2EB1B84C23B00B6A89B /* GuitarChina.xcdatamodeld in Sources */,
				42F4689C1B8779B30010DA70 /* GCHotThreadArray.m in Sources */,
				0459E2C21B85D0500030AF52 /* BaseViewController.m in Sources */,
				425FB2E81B84C23B00B6A89B /* AppDelegate.m in Sources */,
				0459E2C51B85D0630030AF52 /* BaseTableViewController.m in Sources */,
				425FB2EE1B84C23B00B6A89B /* ViewController.m in Sources */,
				428260681B84CE03007CBCF4 /* GCNetworkManager.m in Sources */,
				425FB2E51B84C23B00B6A89B /* main.m in Sources */,
			);
			runOnlyForDeploymentPostprocessing = 0;
		};
		425FB2F71B84C23B00B6A89B /* Sources */ = {
			isa = PBXSourcesBuildPhase;
			buildActionMask = 2147483647;
			files = (
				425FB3021B84C23B00B6A89B /* GuitarChinaTests.m in Sources */,
			);
			runOnlyForDeploymentPostprocessing = 0;
		};
/* End PBXSourcesBuildPhase section */

/* Begin PBXTargetDependency section */
		425FB2FD1B84C23B00B6A89B /* PBXTargetDependency */ = {
			isa = PBXTargetDependency;
			target = 425FB2DE1B84C23B00B6A89B /* GuitarChina */;
			targetProxy = 425FB2FC1B84C23B00B6A89B /* PBXContainerItemProxy */;
		};
/* End PBXTargetDependency section */

/* Begin PBXVariantGroup section */
		425FB2EF1B84C23B00B6A89B /* Main.storyboard */ = {
			isa = PBXVariantGroup;
			children = (
				425FB2F01B84C23B00B6A89B /* Base */,
			);
			name = Main.storyboard;
			sourceTree = "<group>";
		};
		425FB2F41B84C23B00B6A89B /* LaunchScreen.xib */ = {
			isa = PBXVariantGroup;
			children = (
				425FB2F51B84C23B00B6A89B /* Base */,
			);
			name = LaunchScreen.xib;
			sourceTree = "<group>";
		};
/* End PBXVariantGroup section */

/* Begin XCBuildConfiguration section */
		425FB3031B84C23B00B6A89B /* Debug */ = {
			isa = XCBuildConfiguration;
			buildSettings = {
				ALWAYS_SEARCH_USER_PATHS = NO;
				CLANG_CXX_LANGUAGE_STANDARD = "gnu++0x";
				CLANG_CXX_LIBRARY = "libc++";
				CLANG_ENABLE_MODULES = YES;
				CLANG_ENABLE_OBJC_ARC = YES;
				CLANG_WARN_BOOL_CONVERSION = YES;
				CLANG_WARN_CONSTANT_CONVERSION = YES;
				CLANG_WARN_DIRECT_OBJC_ISA_USAGE = YES_ERROR;
				CLANG_WARN_EMPTY_BODY = YES;
				CLANG_WARN_ENUM_CONVERSION = YES;
				CLANG_WARN_INT_CONVERSION = YES;
				CLANG_WARN_OBJC_ROOT_CLASS = YES_ERROR;
				CLANG_WARN_UNREACHABLE_CODE = YES;
				CLANG_WARN__DUPLICATE_METHOD_MATCH = YES;
				"CODE_SIGN_IDENTITY[sdk=iphoneos*]" = "iPhone Developer";
				COPY_PHASE_STRIP = NO;
				DEBUG_INFORMATION_FORMAT = "dwarf-with-dsym";
				ENABLE_STRICT_OBJC_MSGSEND = YES;
				GCC_C_LANGUAGE_STANDARD = gnu99;
				GCC_DYNAMIC_NO_PIC = NO;
				GCC_NO_COMMON_BLOCKS = YES;
				GCC_OPTIMIZATION_LEVEL = 0;
				GCC_PREPROCESSOR_DEFINITIONS = (
					"DEBUG=1",
					"$(inherited)",
				);
				GCC_SYMBOLS_PRIVATE_EXTERN = NO;
				GCC_WARN_64_TO_32_BIT_CONVERSION = YES;
				GCC_WARN_ABOUT_RETURN_TYPE = YES_ERROR;
				GCC_WARN_UNDECLARED_SELECTOR = YES;
				GCC_WARN_UNINITIALIZED_AUTOS = YES_AGGRESSIVE;
				GCC_WARN_UNUSED_FUNCTION = YES;
				GCC_WARN_UNUSED_VARIABLE = YES;
				IPHONEOS_DEPLOYMENT_TARGET = 8.4;
				MTL_ENABLE_DEBUG_INFO = YES;
				ONLY_ACTIVE_ARCH = YES;
				SDKROOT = iphoneos;
			};
			name = Debug;
		};
		425FB3041B84C23B00B6A89B /* Release */ = {
			isa = XCBuildConfiguration;
			buildSettings = {
				ALWAYS_SEARCH_USER_PATHS = NO;
				CLANG_CXX_LANGUAGE_STANDARD = "gnu++0x";
				CLANG_CXX_LIBRARY = "libc++";
				CLANG_ENABLE_MODULES = YES;
				CLANG_ENABLE_OBJC_ARC = YES;
				CLANG_WARN_BOOL_CONVERSION = YES;
				CLANG_WARN_CONSTANT_CONVERSION = YES;
				CLANG_WARN_DIRECT_OBJC_ISA_USAGE = YES_ERROR;
				CLANG_WARN_EMPTY_BODY = YES;
				CLANG_WARN_ENUM_CONVERSION = YES;
				CLANG_WARN_INT_CONVERSION = YES;
				CLANG_WARN_OBJC_ROOT_CLASS = YES_ERROR;
				CLANG_WARN_UNREACHABLE_CODE = YES;
				CLANG_WARN__DUPLICATE_METHOD_MATCH = YES;
				"CODE_SIGN_IDENTITY[sdk=iphoneos*]" = "iPhone Developer";
				COPY_PHASE_STRIP = NO;
				DEBUG_INFORMATION_FORMAT = "dwarf-with-dsym";
				ENABLE_NS_ASSERTIONS = NO;
				ENABLE_STRICT_OBJC_MSGSEND = YES;
				GCC_C_LANGUAGE_STANDARD = gnu99;
				GCC_NO_COMMON_BLOCKS = YES;
				GCC_WARN_64_TO_32_BIT_CONVERSION = YES;
				GCC_WARN_ABOUT_RETURN_TYPE = YES_ERROR;
				GCC_WARN_UNDECLARED_SELECTOR = YES;
				GCC_WARN_UNINITIALIZED_AUTOS = YES_AGGRESSIVE;
				GCC_WARN_UNUSED_FUNCTION = YES;
				GCC_WARN_UNUSED_VARIABLE = YES;
				IPHONEOS_DEPLOYMENT_TARGET = 8.4;
				MTL_ENABLE_DEBUG_INFO = NO;
				SDKROOT = iphoneos;
				VALIDATE_PRODUCT = YES;
			};
			name = Release;
		};
		425FB3061B84C23B00B6A89B /* Debug */ = {
			isa = XCBuildConfiguration;
			baseConfigurationReference = 2C73355A6429B32FC1969A32 /* Pods.debug.xcconfig */;
			buildSettings = {
				ASSETCATALOG_COMPILER_APPICON_NAME = AppIcon;
				GCC_PREFIX_HEADER = "$(SRCROOT)/GuitarChina/PrefixHeader.pch";
				INFOPLIST_FILE = GuitarChina/Info.plist;
				LD_RUNPATH_SEARCH_PATHS = "$(inherited) @executable_path/Frameworks";
				PRODUCT_NAME = "$(TARGET_NAME)";
			};
			name = Debug;
		};
		425FB3071B84C23B00B6A89B /* Release */ = {
			isa = XCBuildConfiguration;
			baseConfigurationReference = AFDC071C669AEB06233DAB0B /* Pods.release.xcconfig */;
			buildSettings = {
				ASSETCATALOG_COMPILER_APPICON_NAME = AppIcon;
				GCC_PREFIX_HEADER = "$(SRCROOT)/GuitarChina/PrefixHeader.pch";
				INFOPLIST_FILE = GuitarChina/Info.plist;
				LD_RUNPATH_SEARCH_PATHS = "$(inherited) @executable_path/Frameworks";
				PRODUCT_NAME = "$(TARGET_NAME)";
			};
			name = Release;
		};
		425FB3091B84C23B00B6A89B /* Debug */ = {
			isa = XCBuildConfiguration;
			buildSettings = {
				BUNDLE_LOADER = "$(TEST_HOST)";
				FRAMEWORK_SEARCH_PATHS = (
					"$(SDKROOT)/Developer/Library/Frameworks",
					"$(inherited)",
				);
				GCC_PREPROCESSOR_DEFINITIONS = (
					"DEBUG=1",
					"$(inherited)",
				);
				INFOPLIST_FILE = GuitarChinaTests/Info.plist;
				LD_RUNPATH_SEARCH_PATHS = "$(inherited) @executable_path/Frameworks @loader_path/Frameworks";
				PRODUCT_NAME = "$(TARGET_NAME)";
				TEST_HOST = "$(BUILT_PRODUCTS_DIR)/GuitarChina.app/GuitarChina";
			};
			name = Debug;
		};
		425FB30A1B84C23B00B6A89B /* Release */ = {
			isa = XCBuildConfiguration;
			buildSettings = {
				BUNDLE_LOADER = "$(TEST_HOST)";
				FRAMEWORK_SEARCH_PATHS = (
					"$(SDKROOT)/Developer/Library/Frameworks",
					"$(inherited)",
				);
				INFOPLIST_FILE = GuitarChinaTests/Info.plist;
				LD_RUNPATH_SEARCH_PATHS = "$(inherited) @executable_path/Frameworks @loader_path/Frameworks";
				PRODUCT_NAME = "$(TARGET_NAME)";
				TEST_HOST = "$(BUILT_PRODUCTS_DIR)/GuitarChina.app/GuitarChina";
			};
			name = Release;
		};
/* End XCBuildConfiguration section */

/* Begin XCConfigurationList section */
		425FB2DA1B84C23B00B6A89B /* Build configuration list for PBXProject "GuitarChina" */ = {
			isa = XCConfigurationList;
			buildConfigurations = (
				425FB3031B84C23B00B6A89B /* Debug */,
				425FB3041B84C23B00B6A89B /* Release */,
			);
			defaultConfigurationIsVisible = 0;
			defaultConfigurationName = Release;
		};
		425FB3051B84C23B00B6A89B /* Build configuration list for PBXNativeTarget "GuitarChina" */ = {
			isa = XCConfigurationList;
			buildConfigurations = (
				425FB3061B84C23B00B6A89B /* Debug */,
				425FB3071B84C23B00B6A89B /* Release */,
			);
			defaultConfigurationIsVisible = 0;
			defaultConfigurationName = Release;
		};
		425FB3081B84C23B00B6A89B /* Build configuration list for PBXNativeTarget "GuitarChinaTests" */ = {
			isa = XCConfigurationList;
			buildConfigurations = (
				425FB3091B84C23B00B6A89B /* Debug */,
				425FB30A1B84C23B00B6A89B /* Release */,
			);
			defaultConfigurationIsVisible = 0;
			defaultConfigurationName = Release;
		};
/* End XCConfigurationList section */

/* Begin XCVersionGroup section */
		425FB2E91B84C23B00B6A89B /* GuitarChina.xcdatamodeld */ = {
			isa = XCVersionGroup;
			children = (
				425FB2EA1B84C23B00B6A89B /* GuitarChina.xcdatamodel */,
			);
			currentVersion = 425FB2EA1B84C23B00B6A89B /* GuitarChina.xcdatamodel */;
			path = GuitarChina.xcdatamodeld;
			sourceTree = "<group>";
			versionGroupType = wrapper.xcdatamodel;
		};
/* End XCVersionGroup section */
	};
	rootObject = 425FB2D71B84C23B00B6A89B /* Project object */;
}
