// !$*UTF8*$!
{
	archiveVersion = 1;
	classes = {
	};
	objectVersion = 46;
	objects = {

/* Begin PBXBuildFile section */
		420D98661B92982C00AEAED3 /* RECommonFunctions.m in Sources */ = {isa = PBXBuildFile; fileRef = 420D98611B92982C00AEAED3 /* RECommonFunctions.m */; };
		420D98671B92982C00AEAED3 /* RESideMenu.m in Sources */ = {isa = PBXBuildFile; fileRef = 420D98631B92982C00AEAED3 /* RESideMenu.m */; };
		420D98681B92982C00AEAED3 /* UIViewController+RESideMenu.m in Sources */ = {isa = PBXBuildFile; fileRef = 420D98651B92982C00AEAED3 /* UIViewController+RESideMenu.m */; };
		420D987F1B929C2B00AEAED3 /* GCBaseTableViewController.m in Sources */ = {isa = PBXBuildFile; fileRef = 420D98781B929C2B00AEAED3 /* GCBaseTableViewController.m */; };
		420D98801B929C2B00AEAED3 /* GCBaseViewController.m in Sources */ = {isa = PBXBuildFile; fileRef = 420D987A1B929C2B00AEAED3 /* GCBaseViewController.m */; };
		420D98811B929C2B00AEAED3 /* GCLeftMenuViewController.m in Sources */ = {isa = PBXBuildFile; fileRef = 420D987C1B929C2B00AEAED3 /* GCLeftMenuViewController.m */; };
		420D98821B929C2B00AEAED3 /* GCNavigationController.m in Sources */ = {isa = PBXBuildFile; fileRef = 420D987E1B929C2B00AEAED3 /* GCNavigationController.m */; };
		4219A6641B9A7C70005D2164 /* UIView+UIFactory.m in Sources */ = {isa = PBXBuildFile; fileRef = 4219A6631B9A7C70005D2164 /* UIView+UIFactory.m */; };
		4219A6691B9A7C78005D2164 /* EXTScope.m in Sources */ = {isa = PBXBuildFile; fileRef = 4219A6671B9A7C78005D2164 /* EXTScope.m */; };
		4219A66C1B9A8086005D2164 /* GCHotThreadModel.m in Sources */ = {isa = PBXBuildFile; fileRef = 4219A66B1B9A8086005D2164 /* GCHotThreadModel.m */; };
		423C252C1B9C7FE40069B27B /* UIView+LayoutHelper.m in Sources */ = {isa = PBXBuildFile; fileRef = 423C252B1B9C7FE40069B27B /* UIView+LayoutHelper.m */; };
		425FB2E51B84C23B00B6A89B /* main.m in Sources */ = {isa = PBXBuildFile; fileRef = 425FB2E41B84C23B00B6A89B /* main.m */; };
		425FB2E81B84C23B00B6A89B /* AppDelegate.m in Sources */ = {isa = PBXBuildFile; fileRef = 425FB2E71B84C23B00B6A89B /* AppDelegate.m */; };
		425FB2EB1B84C23B00B6A89B /* GuitarChina.xcdatamodeld in Sources */ = {isa = PBXBuildFile; fileRef = 425FB2E91B84C23B00B6A89B /* GuitarChina.xcdatamodeld */; };
		425FB2F31B84C23B00B6A89B /* Images.xcassets in Resources */ = {isa = PBXBuildFile; fileRef = 425FB2F21B84C23B00B6A89B /* Images.xcassets */; };
		425FB2F61B84C23B00B6A89B /* LaunchScreen.xib in Resources */ = {isa = PBXBuildFile; fileRef = 425FB2F41B84C23B00B6A89B /* LaunchScreen.xib */; };
		425FB3021B84C23B00B6A89B /* GuitarChinaTests.m in Sources */ = {isa = PBXBuildFile; fileRef = 425FB3011B84C23B00B6A89B /* GuitarChinaTests.m */; };
		42657DBA1B9983AF001F8DFC /* GCForumDisplayViewController.m in Sources */ = {isa = PBXBuildFile; fileRef = 42657DB91B9983AF001F8DFC /* GCForumDisplayViewController.m */; };
		42657DBD1B998C49001F8DFC /* GCForumIndexViewController.m in Sources */ = {isa = PBXBuildFile; fileRef = 42657DBC1B998C49001F8DFC /* GCForumIndexViewController.m */; };
		42657DC01B99961A001F8DFC /* GCThreadViewController.m in Sources */ = {isa = PBXBuildFile; fileRef = 42657DBF1B99961A001F8DFC /* GCThreadViewController.m */; };
		42657DC41B999EA0001F8DFC /* UIColor+Custom.m in Sources */ = {isa = PBXBuildFile; fileRef = 42657DC31B999EA0001F8DFC /* UIColor+Custom.m */; };
		42657DCC1B99B529001F8DFC /* GCHotThreadViewController.m in Sources */ = {isa = PBXBuildFile; fileRef = 42657DCB1B99B529001F8DFC /* GCHotThreadViewController.m */; };
		42657DD21B99B637001F8DFC /* GCHotThreadCell.m in Sources */ = {isa = PBXBuildFile; fileRef = 42657DD11B99B637001F8DFC /* GCHotThreadCell.m */; };
		42657DD51B99B69B001F8DFC /* GCForumIndexCell.m in Sources */ = {isa = PBXBuildFile; fileRef = 42657DD41B99B69B001F8DFC /* GCForumIndexCell.m */; };
		42657DD81B99B6DB001F8DFC /* GCForumDisplayCell.m in Sources */ = {isa = PBXBuildFile; fileRef = 42657DD71B99B6DB001F8DFC /* GCForumDisplayCell.m */; };
		42657DDC1B99CAA2001F8DFC /* Localizable.strings in Resources */ = {isa = PBXBuildFile; fileRef = 42657DDE1B99CAA2001F8DFC /* Localizable.strings */; };
		426E7CA01B88DDEA00BE70D9 /* GCForumDisplayArray.m in Sources */ = {isa = PBXBuildFile; fileRef = 426E7C9F1B88DDEA00BE70D9 /* GCForumDisplayArray.m */; };
		426E7CA61B88E89100BE70D9 /* GCThreadDetailModel.m in Sources */ = {isa = PBXBuildFile; fileRef = 426E7CA51B88E89100BE70D9 /* GCThreadDetailModel.m */; };
		4277FC871B99E05C002BE7FC /* GCLoginViewController.m in Sources */ = {isa = PBXBuildFile; fileRef = 4277FC861B99E05C002BE7FC /* GCLoginViewController.m */; };
		4277FC8A1B99E174002BE7FC /* GCSettingViewController.m in Sources */ = {isa = PBXBuildFile; fileRef = 4277FC891B99E174002BE7FC /* GCSettingViewController.m */; };
		4277FC8D1B99E43F002BE7FC /* GCAboutViewController.m in Sources */ = {isa = PBXBuildFile; fileRef = 4277FC8C1B99E43F002BE7FC /* GCAboutViewController.m */; };
		428260681B84CE03007CBCF4 /* GCNetworkManager.m in Sources */ = {isa = PBXBuildFile; fileRef = 428260671B84CE03007CBCF4 /* GCNetworkManager.m */; };
		428F71171B89A1460023E501 /* GCLoginModel.m in Sources */ = {isa = PBXBuildFile; fileRef = 428F71161B89A1460023E501 /* GCLoginModel.m */; };
		428F711A1B89ACB90023E501 /* GCBaseModel.m in Sources */ = {isa = PBXBuildFile; fileRef = 428F71191B89ACB90023E501 /* GCBaseModel.m */; };
		428F711D1B89AD670023E501 /* GCBaseNoticeModel.m in Sources */ = {isa = PBXBuildFile; fileRef = 428F711C1B89AD670023E501 /* GCBaseNoticeModel.m */; };
		428F71201B89B21E0023E501 /* GCMyFavThreadArray.m in Sources */ = {isa = PBXBuildFile; fileRef = 428F711F1B89B21E0023E501 /* GCMyFavThreadArray.m */; };
		428F71231B89B2830023E501 /* GCMyThreadArray.m in Sources */ = {isa = PBXBuildFile; fileRef = 428F71221B89B2830023E501 /* GCMyThreadArray.m */; };
		428F71261B89C0230023E501 /* GCSendReplyModel.m in Sources */ = {isa = PBXBuildFile; fileRef = 428F71251B89C0230023E501 /* GCSendReplyModel.m */; };
		429E720B1B8B5066000469E6 /* GCNewThreadModel.m in Sources */ = {isa = PBXBuildFile; fileRef = 429E720A1B8B5066000469E6 /* GCNewThreadModel.m */; };
		42F17D591B9DCBF400AF2D11 /* NSString+Tools.m in Sources */ = {isa = PBXBuildFile; fileRef = 42F17D581B9DCBF400AF2D11 /* NSString+Tools.m */; };
		42F17D5C1B9DE2E800AF2D11 /* UIImage+Tint.m in Sources */ = {isa = PBXBuildFile; fileRef = 42F17D5B1B9DE2E800AF2D11 /* UIImage+Tint.m */; };
		42F4689F1B8790C10010DA70 /* GCForumIndexArray.m in Sources */ = {isa = PBXBuildFile; fileRef = 42F4689E1B8790C10010DA70 /* GCForumIndexArray.m */; };
		CEFC34C235C11966848A8595 /* libPods.a in Frameworks */ = {isa = PBXBuildFile; fileRef = 2F829F5DD46C688C9B2385EC /* libPods.a */; };
/* End PBXBuildFile section */

/* Begin PBXContainerItemProxy section */
		425FB2FC1B84C23B00B6A89B /* PBXContainerItemProxy */ = {
			isa = PBXContainerItemProxy;
			containerPortal = 425FB2D71B84C23B00B6A89B /* Project object */;
			proxyType = 1;
			remoteGlobalIDString = 425FB2DE1B84C23B00B6A89B;
			remoteInfo = GuitarChina;
		};
/* End PBXContainerItemProxy section */

/* Begin PBXFileReference section */
		2C73355A6429B32FC1969A32 /* Pods.debug.xcconfig */ = {isa = PBXFileReference; includeInIndex = 1; lastKnownFileType = text.xcconfig; name = Pods.debug.xcconfig; path = "Pods/Target Support Files/Pods/Pods.debug.xcconfig"; sourceTree = "<group>"; };
		2F829F5DD46C688C9B2385EC /* libPods.a */ = {isa = PBXFileReference; explicitFileType = archive.ar; includeInIndex = 0; path = libPods.a; sourceTree = BUILT_PRODUCTS_DIR; };
		420D98601B92982C00AEAED3 /* RECommonFunctions.h */ = {isa = PBXFileReference; fileEncoding = 4; lastKnownFileType = sourcecode.c.h; path = RECommonFunctions.h; sourceTree = "<group>"; };
		420D98611B92982C00AEAED3 /* RECommonFunctions.m */ = {isa = PBXFileReference; fileEncoding = 4; lastKnownFileType = sourcecode.c.objc; path = RECommonFunctions.m; sourceTree = "<group>"; };
		420D98621B92982C00AEAED3 /* RESideMenu.h */ = {isa = PBXFileReference; fileEncoding = 4; lastKnownFileType = sourcecode.c.h; path = RESideMenu.h; sourceTree = "<group>"; };
		420D98631B92982C00AEAED3 /* RESideMenu.m */ = {isa = PBXFileReference; fileEncoding = 4; lastKnownFileType = sourcecode.c.objc; path = RESideMenu.m; sourceTree = "<group>"; };
		420D98641B92982C00AEAED3 /* UIViewController+RESideMenu.h */ = {isa = PBXFileReference; fileEncoding = 4; lastKnownFileType = sourcecode.c.h; path = "UIViewController+RESideMenu.h"; sourceTree = "<group>"; };
		420D98651B92982C00AEAED3 /* UIViewController+RESideMenu.m */ = {isa = PBXFileReference; fileEncoding = 4; lastKnownFileType = sourcecode.c.objc; path = "UIViewController+RESideMenu.m"; sourceTree = "<group>"; };
		420D98771B929C2B00AEAED3 /* GCBaseTableViewController.h */ = {isa = PBXFileReference; fileEncoding = 4; lastKnownFileType = sourcecode.c.h; path = GCBaseTableViewController.h; sourceTree = "<group>"; };
		420D98781B929C2B00AEAED3 /* GCBaseTableViewController.m */ = {isa = PBXFileReference; fileEncoding = 4; lastKnownFileType = sourcecode.c.objc; path = GCBaseTableViewController.m; sourceTree = "<group>"; };
		420D98791B929C2B00AEAED3 /* GCBaseViewController.h */ = {isa = PBXFileReference; fileEncoding = 4; lastKnownFileType = sourcecode.c.h; path = GCBaseViewController.h; sourceTree = "<group>"; };
		420D987A1B929C2B00AEAED3 /* GCBaseViewController.m */ = {isa = PBXFileReference; fileEncoding = 4; lastKnownFileType = sourcecode.c.objc; path = GCBaseViewController.m; sourceTree = "<group>"; };
		420D987B1B929C2B00AEAED3 /* GCLeftMenuViewController.h */ = {isa = PBXFileReference; fileEncoding = 4; lastKnownFileType = sourcecode.c.h; name = GCLeftMenuViewController.h; path = Base/GCLeftMenuViewController.h; sourceTree = "<group>"; };
		420D987C1B929C2B00AEAED3 /* GCLeftMenuViewController.m */ = {isa = PBXFileReference; fileEncoding = 4; lastKnownFileType = sourcecode.c.objc; name = GCLeftMenuViewController.m; path = Base/GCLeftMenuViewController.m; sourceTree = "<group>"; };
		420D987D1B929C2B00AEAED3 /* GCNavigationController.h */ = {isa = PBXFileReference; fileEncoding = 4; lastKnownFileType = sourcecode.c.h; path = GCNavigationController.h; sourceTree = "<group>"; };
		420D987E1B929C2B00AEAED3 /* GCNavigationController.m */ = {isa = PBXFileReference; fileEncoding = 4; lastKnownFileType = sourcecode.c.objc; path = GCNavigationController.m; sourceTree = "<group>"; };
		4219A6621B9A7C70005D2164 /* UIView+UIFactory.h */ = {isa = PBXFileReference; fileEncoding = 4; lastKnownFileType = sourcecode.c.h; path = "UIView+UIFactory.h"; sourceTree = "<group>"; };
		4219A6631B9A7C70005D2164 /* UIView+UIFactory.m */ = {isa = PBXFileReference; fileEncoding = 4; lastKnownFileType = sourcecode.c.objc; path = "UIView+UIFactory.m"; sourceTree = "<group>"; };
		4219A6661B9A7C78005D2164 /* EXTScope.h */ = {isa = PBXFileReference; fileEncoding = 4; lastKnownFileType = sourcecode.c.h; path = EXTScope.h; sourceTree = "<group>"; };
		4219A6671B9A7C78005D2164 /* EXTScope.m */ = {isa = PBXFileReference; fileEncoding = 4; lastKnownFileType = sourcecode.c.objc; path = EXTScope.m; sourceTree = "<group>"; };
		4219A6681B9A7C78005D2164 /* metamacros.h */ = {isa = PBXFileReference; fileEncoding = 4; lastKnownFileType = sourcecode.c.h; path = metamacros.h; sourceTree = "<group>"; };
		4219A66A1B9A8086005D2164 /* GCHotThreadModel.h */ = {isa = PBXFileReference; fileEncoding = 4; lastKnownFileType = sourcecode.c.h; path = GCHotThreadModel.h; sourceTree = "<group>"; };
		4219A66B1B9A8086005D2164 /* GCHotThreadModel.m */ = {isa = PBXFileReference; fileEncoding = 4; lastKnownFileType = sourcecode.c.objc; path = GCHotThreadModel.m; sourceTree = "<group>"; };
		423C252A1B9C7FE40069B27B /* UIView+LayoutHelper.h */ = {isa = PBXFileReference; fileEncoding = 4; lastKnownFileType = sourcecode.c.h; path = "UIView+LayoutHelper.h"; sourceTree = "<group>"; };
		423C252B1B9C7FE40069B27B /* UIView+LayoutHelper.m */ = {isa = PBXFileReference; fileEncoding = 4; lastKnownFileType = sourcecode.c.objc; path = "UIView+LayoutHelper.m"; sourceTree = "<group>"; };
		425FB2DF1B84C23B00B6A89B /* GuitarChina.app */ = {isa = PBXFileReference; explicitFileType = wrapper.application; includeInIndex = 0; path = GuitarChina.app; sourceTree = BUILT_PRODUCTS_DIR; };
		425FB2E31B84C23B00B6A89B /* Info.plist */ = {isa = PBXFileReference; lastKnownFileType = text.plist.xml; path = Info.plist; sourceTree = "<group>"; };
		425FB2E41B84C23B00B6A89B /* main.m */ = {isa = PBXFileReference; lastKnownFileType = sourcecode.c.objc; path = main.m; sourceTree = "<group>"; };
		425FB2E61B84C23B00B6A89B /* AppDelegate.h */ = {isa = PBXFileReference; lastKnownFileType = sourcecode.c.h; path = AppDelegate.h; sourceTree = "<group>"; };
		425FB2E71B84C23B00B6A89B /* AppDelegate.m */ = {isa = PBXFileReference; lastKnownFileType = sourcecode.c.objc; path = AppDelegate.m; sourceTree = "<group>"; };
		425FB2EA1B84C23B00B6A89B /* GuitarChina.xcdatamodel */ = {isa = PBXFileReference; lastKnownFileType = wrapper.xcdatamodel; path = GuitarChina.xcdatamodel; sourceTree = "<group>"; };
		425FB2F21B84C23B00B6A89B /* Images.xcassets */ = {isa = PBXFileReference; lastKnownFileType = folder.assetcatalog; path = Images.xcassets; sourceTree = "<group>"; };
		425FB2F51B84C23B00B6A89B /* Base */ = {isa = PBXFileReference; lastKnownFileType = file.xib; name = Base; path = Base.lproj/LaunchScreen.xib; sourceTree = "<group>"; };
		425FB2FB1B84C23B00B6A89B /* GuitarChinaTests.xctest */ = {isa = PBXFileReference; explicitFileType = wrapper.cfbundle; includeInIndex = 0; path = GuitarChinaTests.xctest; sourceTree = BUILT_PRODUCTS_DIR; };
		425FB3001B84C23B00B6A89B /* Info.plist */ = {isa = PBXFileReference; lastKnownFileType = text.plist.xml; path = Info.plist; sourceTree = "<group>"; };
		425FB3011B84C23B00B6A89B /* GuitarChinaTests.m */ = {isa = PBXFileReference; lastKnownFileType = sourcecode.c.objc; path = GuitarChinaTests.m; sourceTree = "<group>"; };
		42657DB81B9983AF001F8DFC /* GCForumDisplayViewController.h */ = {isa = PBXFileReference; fileEncoding = 4; lastKnownFileType = sourcecode.c.h; path = GCForumDisplayViewController.h; sourceTree = "<group>"; };
		42657DB91B9983AF001F8DFC /* GCForumDisplayViewController.m */ = {isa = PBXFileReference; fileEncoding = 4; lastKnownFileType = sourcecode.c.objc; path = GCForumDisplayViewController.m; sourceTree = "<group>"; };
		42657DBB1B998C49001F8DFC /* GCForumIndexViewController.h */ = {isa = PBXFileReference; fileEncoding = 4; lastKnownFileType = sourcecode.c.h; path = GCForumIndexViewController.h; sourceTree = "<group>"; };
		42657DBC1B998C49001F8DFC /* GCForumIndexViewController.m */ = {isa = PBXFileReference; fileEncoding = 4; lastKnownFileType = sourcecode.c.objc; path = GCForumIndexViewController.m; sourceTree = "<group>"; };
		42657DBE1B99961A001F8DFC /* GCThreadViewController.h */ = {isa = PBXFileReference; fileEncoding = 4; lastKnownFileType = sourcecode.c.h; path = GCThreadViewController.h; sourceTree = "<group>"; };
		42657DBF1B99961A001F8DFC /* GCThreadViewController.m */ = {isa = PBXFileReference; fileEncoding = 4; lastKnownFileType = sourcecode.c.objc; path = GCThreadViewController.m; sourceTree = "<group>"; };
		42657DC21B999EA0001F8DFC /* UIColor+Custom.h */ = {isa = PBXFileReference; fileEncoding = 4; lastKnownFileType = sourcecode.c.h; path = "UIColor+Custom.h"; sourceTree = "<group>"; };
		42657DC31B999EA0001F8DFC /* UIColor+Custom.m */ = {isa = PBXFileReference; fileEncoding = 4; lastKnownFileType = sourcecode.c.objc; path = "UIColor+Custom.m"; sourceTree = "<group>"; };
		42657DCA1B99B529001F8DFC /* GCHotThreadViewController.h */ = {isa = PBXFileReference; fileEncoding = 4; lastKnownFileType = sourcecode.c.h; path = GCHotThreadViewController.h; sourceTree = "<group>"; };
		42657DCB1B99B529001F8DFC /* GCHotThreadViewController.m */ = {isa = PBXFileReference; fileEncoding = 4; lastKnownFileType = sourcecode.c.objc; path = GCHotThreadViewController.m; sourceTree = "<group>"; };
		42657DD01B99B637001F8DFC /* GCHotThreadCell.h */ = {isa = PBXFileReference; fileEncoding = 4; lastKnownFileType = sourcecode.c.h; path = GCHotThreadCell.h; sourceTree = "<group>"; };
		42657DD11B99B637001F8DFC /* GCHotThreadCell.m */ = {isa = PBXFileReference; fileEncoding = 4; lastKnownFileType = sourcecode.c.objc; path = GCHotThreadCell.m; sourceTree = "<group>"; };
		42657DD31B99B69B001F8DFC /* GCForumIndexCell.h */ = {isa = PBXFileReference; fileEncoding = 4; lastKnownFileType = sourcecode.c.h; path = GCForumIndexCell.h; sourceTree = "<group>"; };
		42657DD41B99B69B001F8DFC /* GCForumIndexCell.m */ = {isa = PBXFileReference; fileEncoding = 4; lastKnownFileType = sourcecode.c.objc; path = GCForumIndexCell.m; sourceTree = "<group>"; };
		42657DD61B99B6DB001F8DFC /* GCForumDisplayCell.h */ = {isa = PBXFileReference; fileEncoding = 4; lastKnownFileType = sourcecode.c.h; path = GCForumDisplayCell.h; sourceTree = "<group>"; };
		42657DD71B99B6DB001F8DFC /* GCForumDisplayCell.m */ = {isa = PBXFileReference; fileEncoding = 4; lastKnownFileType = sourcecode.c.objc; path = GCForumDisplayCell.m; sourceTree = "<group>"; };
		42657DDB1B99CA95001F8DFC /* zh-Hans */ = {isa = PBXFileReference; lastKnownFileType = text.plist.strings; name = "zh-Hans"; path = "zh-Hans.lproj/LaunchScreen.strings"; sourceTree = "<group>"; };
		42657DDD1B99CAA2001F8DFC /* Base */ = {isa = PBXFileReference; lastKnownFileType = text.plist.strings; name = Base; path = Base.lproj/Localizable.strings; sourceTree = "<group>"; };
		42657DE01B99CAAF001F8DFC /* en */ = {isa = PBXFileReference; lastKnownFileType = text.plist.strings; name = en; path = en.lproj/Localizable.strings; sourceTree = "<group>"; };
		426E7C9D1B88D12500BE70D9 /* GCForumIndexArray.h */ = {isa = PBXFileReference; fileEncoding = 4; lastKnownFileType = sourcecode.c.h; path = GCForumIndexArray.h; sourceTree = "<group>"; };
		426E7C9E1B88DDEA00BE70D9 /* GCForumDisplayArray.h */ = {isa = PBXFileReference; fileEncoding = 4; lastKnownFileType = sourcecode.c.h; path = GCForumDisplayArray.h; sourceTree = "<group>"; };
		426E7C9F1B88DDEA00BE70D9 /* GCForumDisplayArray.m */ = {isa = PBXFileReference; fileEncoding = 4; lastKnownFileType = sourcecode.c.objc; path = GCForumDisplayArray.m; sourceTree = "<group>"; };
		426E7CA41B88E89100BE70D9 /* GCThreadDetailModel.h */ = {isa = PBXFileReference; fileEncoding = 4; lastKnownFileType = sourcecode.c.h; path = GCThreadDetailModel.h; sourceTree = "<group>"; };
		426E7CA51B88E89100BE70D9 /* GCThreadDetailModel.m */ = {isa = PBXFileReference; fileEncoding = 4; lastKnownFileType = sourcecode.c.objc; path = GCThreadDetailModel.m; sourceTree = "<group>"; };
		4277FC851B99E05C002BE7FC /* GCLoginViewController.h */ = {isa = PBXFileReference; fileEncoding = 4; lastKnownFileType = sourcecode.c.h; path = GCLoginViewController.h; sourceTree = "<group>"; };
		4277FC861B99E05C002BE7FC /* GCLoginViewController.m */ = {isa = PBXFileReference; fileEncoding = 4; lastKnownFileType = sourcecode.c.objc; path = GCLoginViewController.m; sourceTree = "<group>"; };
		4277FC881B99E174002BE7FC /* GCSettingViewController.h */ = {isa = PBXFileReference; fileEncoding = 4; lastKnownFileType = sourcecode.c.h; path = GCSettingViewController.h; sourceTree = "<group>"; };
		4277FC891B99E174002BE7FC /* GCSettingViewController.m */ = {isa = PBXFileReference; fileEncoding = 4; lastKnownFileType = sourcecode.c.objc; path = GCSettingViewController.m; sourceTree = "<group>"; };
		4277FC8B1B99E43F002BE7FC /* GCAboutViewController.h */ = {isa = PBXFileReference; fileEncoding = 4; lastKnownFileType = sourcecode.c.h; path = GCAboutViewController.h; sourceTree = "<group>"; };
		4277FC8C1B99E43F002BE7FC /* GCAboutViewController.m */ = {isa = PBXFileReference; fileEncoding = 4; lastKnownFileType = sourcecode.c.objc; path = GCAboutViewController.m; sourceTree = "<group>"; };
		428260591B84C533007CBCF4 /* PrefixHeader.pch */ = {isa = PBXFileReference; fileEncoding = 4; lastKnownFileType = sourcecode.c.h; path = PrefixHeader.pch; sourceTree = "<group>"; };
		428260631B84CDCF007CBCF4 /* GCNetworkAPI.h */ = {isa = PBXFileReference; fileEncoding = 4; lastKnownFileType = sourcecode.c.h; path = GCNetworkAPI.h; sourceTree = "<group>"; };
		428260661B84CE03007CBCF4 /* GCNetworkManager.h */ = {isa = PBXFileReference; fileEncoding = 4; lastKnownFileType = sourcecode.c.h; path = GCNetworkManager.h; sourceTree = "<group>"; };
		428260671B84CE03007CBCF4 /* GCNetworkManager.m */ = {isa = PBXFileReference; fileEncoding = 4; lastKnownFileType = sourcecode.c.objc; path = GCNetworkManager.m; sourceTree = "<group>"; };
		428F71151B89A1460023E501 /* GCLoginModel.h */ = {isa = PBXFileReference; fileEncoding = 4; lastKnownFileType = sourcecode.c.h; path = GCLoginModel.h; sourceTree = "<group>"; };
		428F71161B89A1460023E501 /* GCLoginModel.m */ = {isa = PBXFileReference; fileEncoding = 4; lastKnownFileType = sourcecode.c.objc; path = GCLoginModel.m; sourceTree = "<group>"; };
		428F71181B89ACB90023E501 /* GCBaseModel.h */ = {isa = PBXFileReference; fileEncoding = 4; lastKnownFileType = sourcecode.c.h; path = GCBaseModel.h; sourceTree = "<group>"; };
		428F71191B89ACB90023E501 /* GCBaseModel.m */ = {isa = PBXFileReference; fileEncoding = 4; lastKnownFileType = sourcecode.c.objc; path = GCBaseModel.m; sourceTree = "<group>"; };
		428F711B1B89AD670023E501 /* GCBaseNoticeModel.h */ = {isa = PBXFileReference; fileEncoding = 4; lastKnownFileType = sourcecode.c.h; path = GCBaseNoticeModel.h; sourceTree = "<group>"; };
		428F711C1B89AD670023E501 /* GCBaseNoticeModel.m */ = {isa = PBXFileReference; fileEncoding = 4; lastKnownFileType = sourcecode.c.objc; path = GCBaseNoticeModel.m; sourceTree = "<group>"; };
		428F711E1B89B21E0023E501 /* GCMyFavThreadArray.h */ = {isa = PBXFileReference; fileEncoding = 4; lastKnownFileType = sourcecode.c.h; path = GCMyFavThreadArray.h; sourceTree = "<group>"; };
		428F711F1B89B21E0023E501 /* GCMyFavThreadArray.m */ = {isa = PBXFileReference; fileEncoding = 4; lastKnownFileType = sourcecode.c.objc; path = GCMyFavThreadArray.m; sourceTree = "<group>"; };
		428F71211B89B2830023E501 /* GCMyThreadArray.h */ = {isa = PBXFileReference; fileEncoding = 4; lastKnownFileType = sourcecode.c.h; path = GCMyThreadArray.h; sourceTree = "<group>"; };
		428F71221B89B2830023E501 /* GCMyThreadArray.m */ = {isa = PBXFileReference; fileEncoding = 4; lastKnownFileType = sourcecode.c.objc; path = GCMyThreadArray.m; sourceTree = "<group>"; };
		428F71241B89C0230023E501 /* GCSendReplyModel.h */ = {isa = PBXFileReference; fileEncoding = 4; lastKnownFileType = sourcecode.c.h; path = GCSendReplyModel.h; sourceTree = "<group>"; };
		428F71251B89C0230023E501 /* GCSendReplyModel.m */ = {isa = PBXFileReference; fileEncoding = 4; lastKnownFileType = sourcecode.c.objc; path = GCSendReplyModel.m; sourceTree = "<group>"; };
		429E72091B8B5066000469E6 /* GCNewThreadModel.h */ = {isa = PBXFileReference; fileEncoding = 4; lastKnownFileType = sourcecode.c.h; path = GCNewThreadModel.h; sourceTree = "<group>"; };
		429E720A1B8B5066000469E6 /* GCNewThreadModel.m */ = {isa = PBXFileReference; fileEncoding = 4; lastKnownFileType = sourcecode.c.objc; path = GCNewThreadModel.m; sourceTree = "<group>"; };
		42F17D571B9DCBF400AF2D11 /* NSString+Tools.h */ = {isa = PBXFileReference; fileEncoding = 4; lastKnownFileType = sourcecode.c.h; path = "NSString+Tools.h"; sourceTree = "<group>"; };
		42F17D581B9DCBF400AF2D11 /* NSString+Tools.m */ = {isa = PBXFileReference; fileEncoding = 4; lastKnownFileType = sourcecode.c.objc; path = "NSString+Tools.m"; sourceTree = "<group>"; };
		42F17D5A1B9DE2E800AF2D11 /* UIImage+Tint.h */ = {isa = PBXFileReference; fileEncoding = 4; lastKnownFileType = sourcecode.c.h; path = "UIImage+Tint.h"; sourceTree = "<group>"; };
		42F17D5B1B9DE2E800AF2D11 /* UIImage+Tint.m */ = {isa = PBXFileReference; fileEncoding = 4; lastKnownFileType = sourcecode.c.objc; path = "UIImage+Tint.m"; sourceTree = "<group>"; };
		42F4689E1B8790C10010DA70 /* GCForumIndexArray.m */ = {isa = PBXFileReference; fileEncoding = 4; lastKnownFileType = sourcecode.c.objc; path = GCForumIndexArray.m; sourceTree = "<group>"; };
		AFDC071C669AEB06233DAB0B /* Pods.release.xcconfig */ = {isa = PBXFileReference; includeInIndex = 1; lastKnownFileType = text.xcconfig; name = Pods.release.xcconfig; path = "Pods/Target Support Files/Pods/Pods.release.xcconfig"; sourceTree = "<group>"; };
/* End PBXFileReference section */

/* Begin PBXFrameworksBuildPhase section */
		425FB2DC1B84C23B00B6A89B /* Frameworks */ = {
			isa = PBXFrameworksBuildPhase;
			buildActionMask = 2147483647;
			files = (
				CEFC34C235C11966848A8595 /* libPods.a in Frameworks */,
			);
			runOnlyForDeploymentPostprocessing = 0;
		};
		425FB2F81B84C23B00B6A89B /* Frameworks */ = {
			isa = PBXFrameworksBuildPhase;
			buildActionMask = 2147483647;
			files = (
			);
			runOnlyForDeploymentPostprocessing = 0;
		};
/* End PBXFrameworksBuildPhase section */

/* Begin PBXGroup section */
		0F41C248D61EFD30EA073F7A /* Frameworks */ = {
			isa = PBXGroup;
			children = (
				2F829F5DD46C688C9B2385EC /* libPods.a */,
			);
			name = Frameworks;
			sourceTree = "<group>";
		};
		420D985D1B9297F600AEAED3 /* Additions */ = {
			isa = PBXGroup;
			children = (
				420D985F1B92982C00AEAED3 /* RESideMenu */,
			);
			path = Additions;
			sourceTree = "<group>";
		};
		420D985F1B92982C00AEAED3 /* RESideMenu */ = {
			isa = PBXGroup;
			children = (
				420D98601B92982C00AEAED3 /* RECommonFunctions.h */,
				420D98611B92982C00AEAED3 /* RECommonFunctions.m */,
				420D98621B92982C00AEAED3 /* RESideMenu.h */,
				420D98631B92982C00AEAED3 /* RESideMenu.m */,
				420D98641B92982C00AEAED3 /* UIViewController+RESideMenu.h */,
				420D98651B92982C00AEAED3 /* UIViewController+RESideMenu.m */,
			);
			path = RESideMenu;
			sourceTree = "<group>";
		};
		420D98721B929AA700AEAED3 /* Controllers */ = {
			isa = PBXGroup;
			children = (
				420D98761B929C2B00AEAED3 /* Base */,
				42657DC91B99B513001F8DFC /* HotThread */,
				420D98871B929D2000AEAED3 /* Forum */,
				420D987B1B929C2B00AEAED3 /* GCLeftMenuViewController.h */,
				420D987C1B929C2B00AEAED3 /* GCLeftMenuViewController.m */,
				4277FC851B99E05C002BE7FC /* GCLoginViewController.h */,
				4277FC861B99E05C002BE7FC /* GCLoginViewController.m */,
				4277FC881B99E174002BE7FC /* GCSettingViewController.h */,
				4277FC891B99E174002BE7FC /* GCSettingViewController.m */,
				4277FC8B1B99E43F002BE7FC /* GCAboutViewController.h */,
				4277FC8C1B99E43F002BE7FC /* GCAboutViewController.m */,
			);
			path = Controllers;
			sourceTree = "<group>";
		};
		420D98761B929C2B00AEAED3 /* Base */ = {
			isa = PBXGroup;
			children = (
				420D98791B929C2B00AEAED3 /* GCBaseViewController.h */,
				420D987A1B929C2B00AEAED3 /* GCBaseViewController.m */,
				420D98771B929C2B00AEAED3 /* GCBaseTableViewController.h */,
				420D98781B929C2B00AEAED3 /* GCBaseTableViewController.m */,
				420D987D1B929C2B00AEAED3 /* GCNavigationController.h */,
				420D987E1B929C2B00AEAED3 /* GCNavigationController.m */,
			);
			path = Base;
			sourceTree = "<group>";
		};
		420D98871B929D2000AEAED3 /* Forum */ = {
			isa = PBXGroup;
			children = (
				42657DBB1B998C49001F8DFC /* GCForumIndexViewController.h */,
				42657DBC1B998C49001F8DFC /* GCForumIndexViewController.m */,
				42657DD31B99B69B001F8DFC /* GCForumIndexCell.h */,
				42657DD41B99B69B001F8DFC /* GCForumIndexCell.m */,
				42657DB81B9983AF001F8DFC /* GCForumDisplayViewController.h */,
				42657DB91B9983AF001F8DFC /* GCForumDisplayViewController.m */,
				42657DD61B99B6DB001F8DFC /* GCForumDisplayCell.h */,
				42657DD71B99B6DB001F8DFC /* GCForumDisplayCell.m */,
				42657DBE1B99961A001F8DFC /* GCThreadViewController.h */,
				42657DBF1B99961A001F8DFC /* GCThreadViewController.m */,
			);
			path = Forum;
			sourceTree = "<group>";
		};
		4219A6611B9A7C67005D2164 /* Utils */ = {
			isa = PBXGroup;
			children = (
				4219A6651B9A7C78005D2164 /* EXTScope */,
				4219A6621B9A7C70005D2164 /* UIView+UIFactory.h */,
				4219A6631B9A7C70005D2164 /* UIView+UIFactory.m */,
				423C252A1B9C7FE40069B27B /* UIView+LayoutHelper.h */,
				423C252B1B9C7FE40069B27B /* UIView+LayoutHelper.m */,
				42F17D571B9DCBF400AF2D11 /* NSString+Tools.h */,
				42F17D581B9DCBF400AF2D11 /* NSString+Tools.m */,
				42F17D5A1B9DE2E800AF2D11 /* UIImage+Tint.h */,
				42F17D5B1B9DE2E800AF2D11 /* UIImage+Tint.m */,
			);
			path = Utils;
			sourceTree = "<group>";
		};
		4219A6651B9A7C78005D2164 /* EXTScope */ = {
			isa = PBXGroup;
			children = (
				4219A6661B9A7C78005D2164 /* EXTScope.h */,
				4219A6671B9A7C78005D2164 /* EXTScope.m */,
				4219A6681B9A7C78005D2164 /* metamacros.h */,
			);
			path = EXTScope;
			sourceTree = "<group>";
		};
		425FB2D61B84C23B00B6A89B = {
			isa = PBXGroup;
			children = (
				425FB2E11B84C23B00B6A89B /* GuitarChina */,
				425FB2FE1B84C23B00B6A89B /* GuitarChinaTests */,
				425FB2E01B84C23B00B6A89B /* Products */,
				AB640BEDEDAD0ED6AD1E1485 /* Pods */,
				0F41C248D61EFD30EA073F7A /* Frameworks */,
			);
			sourceTree = "<group>";
		};
		425FB2E01B84C23B00B6A89B /* Products */ = {
			isa = PBXGroup;
			children = (
				425FB2DF1B84C23B00B6A89B /* GuitarChina.app */,
				425FB2FB1B84C23B00B6A89B /* GuitarChinaTests.xctest */,
			);
			name = Products;
			sourceTree = "<group>";
		};
		425FB2E11B84C23B00B6A89B /* GuitarChina */ = {
			isa = PBXGroup;
			children = (
				4219A6611B9A7C67005D2164 /* Utils */,
				42657DC11B999B6B001F8DFC /* Resources */,
				420D985D1B9297F600AEAED3 /* Additions */,
				4282605C1B84CA51007CBCF4 /* Network */,
				42F468991B87797C0010DA70 /* Models */,
				420D98721B929AA700AEAED3 /* Controllers */,
				425FB2E61B84C23B00B6A89B /* AppDelegate.h */,
				425FB2E71B84C23B00B6A89B /* AppDelegate.m */,
				425FB2F21B84C23B00B6A89B /* Images.xcassets */,
				425FB2F41B84C23B00B6A89B /* LaunchScreen.xib */,
				425FB2E91B84C23B00B6A89B /* GuitarChina.xcdatamodeld */,
				425FB2E21B84C23B00B6A89B /* Supporting Files */,
			);
			path = GuitarChina;
			sourceTree = "<group>";
		};
		425FB2E21B84C23B00B6A89B /* Supporting Files */ = {
			isa = PBXGroup;
			children = (
				425FB2E31B84C23B00B6A89B /* Info.plist */,
				425FB2E41B84C23B00B6A89B /* main.m */,
				428260591B84C533007CBCF4 /* PrefixHeader.pch */,
				42657DDE1B99CAA2001F8DFC /* Localizable.strings */,
			);
			name = "Supporting Files";
			sourceTree = "<group>";
		};
		425FB2FE1B84C23B00B6A89B /* GuitarChinaTests */ = {
			isa = PBXGroup;
			children = (
				425FB3011B84C23B00B6A89B /* GuitarChinaTests.m */,
				425FB2FF1B84C23B00B6A89B /* Supporting Files */,
			);
			path = GuitarChinaTests;
			sourceTree = "<group>";
		};
		425FB2FF1B84C23B00B6A89B /* Supporting Files */ = {
			isa = PBXGroup;
			children = (
				425FB3001B84C23B00B6A89B /* Info.plist */,
			);
			name = "Supporting Files";
			sourceTree = "<group>";
		};
		42657DC11B999B6B001F8DFC /* Resources */ = {
			isa = PBXGroup;
			children = (
				42657DC21B999EA0001F8DFC /* UIColor+Custom.h */,
				42657DC31B999EA0001F8DFC /* UIColor+Custom.m */,
			);
			path = Resources;
			sourceTree = "<group>";
		};
		42657DC91B99B513001F8DFC /* HotThread */ = {
			isa = PBXGroup;
			children = (
				42657DCA1B99B529001F8DFC /* GCHotThreadViewController.h */,
				42657DCB1B99B529001F8DFC /* GCHotThreadViewController.m */,
				42657DD01B99B637001F8DFC /* GCHotThreadCell.h */,
				42657DD11B99B637001F8DFC /* GCHotThreadCell.m */,
			);
			path = HotThread;
			sourceTree = "<group>";
		};
		4282605C1B84CA51007CBCF4 /* Network */ = {
			isa = PBXGroup;
			children = (
				428260631B84CDCF007CBCF4 /* GCNetworkAPI.h */,
				428260661B84CE03007CBCF4 /* GCNetworkManager.h */,
				428260671B84CE03007CBCF4 /* GCNetworkManager.m */,
			);
			path = Network;
			sourceTree = "<group>";
		};
		42F468991B87797C0010DA70 /* Models */ = {
			isa = PBXGroup;
			children = (
				428F71181B89ACB90023E501 /* GCBaseModel.h */,
				428F71191B89ACB90023E501 /* GCBaseModel.m */,
				428F711B1B89AD670023E501 /* GCBaseNoticeModel.h */,
				428F711C1B89AD670023E501 /* GCBaseNoticeModel.m */,
				4219A66A1B9A8086005D2164 /* GCHotThreadModel.h */,
				4219A66B1B9A8086005D2164 /* GCHotThreadModel.m */,
				426E7C9D1B88D12500BE70D9 /* GCForumIndexArray.h */,
				42F4689E1B8790C10010DA70 /* GCForumIndexArray.m */,
				426E7C9E1B88DDEA00BE70D9 /* GCForumDisplayArray.h */,
				426E7C9F1B88DDEA00BE70D9 /* GCForumDisplayArray.m */,
				426E7CA41B88E89100BE70D9 /* GCThreadDetailModel.h */,
				426E7CA51B88E89100BE70D9 /* GCThreadDetailModel.m */,
				428F71151B89A1460023E501 /* GCLoginModel.h */,
				428F71161B89A1460023E501 /* GCLoginModel.m */,
				428F711E1B89B21E0023E501 /* GCMyFavThreadArray.h */,
				428F711F1B89B21E0023E501 /* GCMyFavThreadArray.m */,
				428F71211B89B2830023E501 /* GCMyThreadArray.h */,
				428F71221B89B2830023E501 /* GCMyThreadArray.m */,
				428F71241B89C0230023E501 /* GCSendReplyModel.h */,
				428F71251B89C0230023E501 /* GCSendReplyModel.m */,
				429E72091B8B5066000469E6 /* GCNewThreadModel.h */,
				429E720A1B8B5066000469E6 /* GCNewThreadModel.m */,
			);
			path = Models;
			sourceTree = "<group>";
		};
		AB640BEDEDAD0ED6AD1E1485 /* Pods */ = {
			isa = PBXGroup;
			children = (
				2C73355A6429B32FC1969A32 /* Pods.debug.xcconfig */,
				AFDC071C669AEB06233DAB0B /* Pods.release.xcconfig */,
			);
			name = Pods;
			sourceTree = "<group>";
		};
/* End PBXGroup section */

/* Begin PBXNativeTarget section */
		425FB2DE1B84C23B00B6A89B /* GuitarChina */ = {
			isa = PBXNativeTarget;
			buildConfigurationList = 425FB3051B84C23B00B6A89B /* Build configuration list for PBXNativeTarget "GuitarChina" */;
			buildPhases = (
				E62AB1768536757AA62111BF /* Check Pods Manifest.lock */,
				425FB2DB1B84C23B00B6A89B /* Sources */,
				425FB2DC1B84C23B00B6A89B /* Frameworks */,
				425FB2DD1B84C23B00B6A89B /* Resources */,
				5E174959A530DAA782C4E091 /* Copy Pods Resources */,
			);
			buildRules = (
			);
			dependencies = (
			);
			name = GuitarChina;
			productName = GuitarChina;
			productReference = 425FB2DF1B84C23B00B6A89B /* GuitarChina.app */;
			productType = "com.apple.product-type.application";
		};
		425FB2FA1B84C23B00B6A89B /* GuitarChinaTests */ = {
			isa = PBXNativeTarget;
			buildConfigurationList = 425FB3081B84C23B00B6A89B /* Build configuration list for PBXNativeTarget "GuitarChinaTests" */;
			buildPhases = (
				425FB2F71B84C23B00B6A89B /* Sources */,
				425FB2F81B84C23B00B6A89B /* Frameworks */,
				425FB2F91B84C23B00B6A89B /* Resources */,
			);
			buildRules = (
			);
			dependencies = (
				425FB2FD1B84C23B00B6A89B /* PBXTargetDependency */,
			);
			name = GuitarChinaTests;
			productName = GuitarChinaTests;
			productReference = 425FB2FB1B84C23B00B6A89B /* GuitarChinaTests.xctest */;
			productType = "com.apple.product-type.bundle.unit-test";
		};
/* End PBXNativeTarget section */

/* Begin PBXProject section */
		425FB2D71B84C23B00B6A89B /* Project object */ = {
			isa = PBXProject;
			attributes = {
				LastUpgradeCheck = 0640;
				ORGANIZATIONNAME = "陈大捷";
				TargetAttributes = {
					425FB2DE1B84C23B00B6A89B = {
						CreatedOnToolsVersion = 6.4;
					};
					425FB2FA1B84C23B00B6A89B = {
						CreatedOnToolsVersion = 6.4;
						TestTargetID = 425FB2DE1B84C23B00B6A89B;
					};
				};
			};
			buildConfigurationList = 425FB2DA1B84C23B00B6A89B /* Build configuration list for PBXProject "GuitarChina" */;
			compatibilityVersion = "Xcode 3.2";
			developmentRegion = English;
			hasScannedForEncodings = 0;
			knownRegions = (
				en,
				Base,
				"zh-Hans",
			);
			mainGroup = 425FB2D61B84C23B00B6A89B;
			productRefGroup = 425FB2E01B84C23B00B6A89B /* Products */;
			projectDirPath = "";
			projectRoot = "";
			targets = (
				425FB2DE1B84C23B00B6A89B /* GuitarChina */,
				425FB2FA1B84C23B00B6A89B /* GuitarChinaTests */,
			);
		};
/* End PBXProject section */

/* Begin PBXResourcesBuildPhase section */
		425FB2DD1B84C23B00B6A89B /* Resources */ = {
			isa = PBXResourcesBuildPhase;
			buildActionMask = 2147483647;
			files = (
				425FB2F61B84C23B00B6A89B /* LaunchScreen.xib in Resources */,
				42657DDC1B99CAA2001F8DFC /* Localizable.strings in Resources */,
				425FB2F31B84C23B00B6A89B /* Images.xcassets in Resources */,
			);
			runOnlyForDeploymentPostprocessing = 0;
		};
		425FB2F91B84C23B00B6A89B /* Resources */ = {
			isa = PBXResourcesBuildPhase;
			buildActionMask = 2147483647;
			files = (
			);
			runOnlyForDeploymentPostprocessing = 0;
		};
/* End PBXResourcesBuildPhase section */

/* Begin PBXShellScriptBuildPhase section */
		5E174959A530DAA782C4E091 /* Copy Pods Resources */ = {
			isa = PBXShellScriptBuildPhase;
			buildActionMask = 2147483647;
			files = (
			);
			inputPaths = (
			);
			name = "Copy Pods Resources";
			outputPaths = (
			);
			runOnlyForDeploymentPostprocessing = 0;
			shellPath = /bin/sh;
			shellScript = "\"${SRCROOT}/Pods/Target Support Files/Pods/Pods-resources.sh\"\n";
			showEnvVarsInLog = 0;
		};
		E62AB1768536757AA62111BF /* Check Pods Manifest.lock */ = {
			isa = PBXShellScriptBuildPhase;
			buildActionMask = 2147483647;
			files = (
			);
			inputPaths = (
			);
			name = "Check Pods Manifest.lock";
			outputPaths = (
			);
			runOnlyForDeploymentPostprocessing = 0;
			shellPath = /bin/sh;
			shellScript = "diff \"${PODS_ROOT}/../Podfile.lock\" \"${PODS_ROOT}/Manifest.lock\" > /dev/null\nif [[ $? != 0 ]] ; then\n    cat << EOM\nerror: The sandbox is not in sync with the Podfile.lock. Run 'pod install' or update your CocoaPods installation.\nEOM\n    exit 1\nfi\n";
			showEnvVarsInLog = 0;
		};
/* End PBXShellScriptBuildPhase section */

/* Begin PBXSourcesBuildPhase section */
		425FB2DB1B84C23B00B6A89B /* Sources */ = {
			isa = PBXSourcesBuildPhase;
			buildActionMask = 2147483647;
			files = (
				425FB2EB1B84C23B00B6A89B /* GuitarChina.xcdatamodeld in Sources */,
				428F711D1B89AD670023E501 /* GCBaseNoticeModel.m in Sources */,
				420D987F1B929C2B00AEAED3 /* GCBaseTableViewController.m in Sources */,
				4277FC8D1B99E43F002BE7FC /* GCAboutViewController.m in Sources */,
				420D98661B92982C00AEAED3 /* RECommonFunctions.m in Sources */,
				42657DD21B99B637001F8DFC /* GCHotThreadCell.m in Sources */,
				4219A66C1B9A8086005D2164 /* GCHotThreadModel.m in Sources */,
				428F71231B89B2830023E501 /* GCMyThreadArray.m in Sources */,
				42F17D5C1B9DE2E800AF2D11 /* UIImage+Tint.m in Sources */,
				420D98681B92982C00AEAED3 /* UIViewController+RESideMenu.m in Sources */,
				426E7CA01B88DDEA00BE70D9 /* GCForumDisplayArray.m in Sources */,
				4219A6691B9A7C78005D2164 /* EXTScope.m in Sources */,
				42657DCC1B99B529001F8DFC /* GCHotThreadViewController.m in Sources */,
				428F711A1B89ACB90023E501 /* GCBaseModel.m in Sources */,
				42657DC01B99961A001F8DFC /* GCThreadViewController.m in Sources */,
				423C252C1B9C7FE40069B27B /* UIView+LayoutHelper.m in Sources */,
				42657DBA1B9983AF001F8DFC /* GCForumDisplayViewController.m in Sources */,
				429E720B1B8B5066000469E6 /* GCNewThreadModel.m in Sources */,
				42F17D591B9DCBF400AF2D11 /* NSString+Tools.m in Sources */,
				4219A6641B9A7C70005D2164 /* UIView+UIFactory.m in Sources */,
				42657DD81B99B6DB001F8DFC /* GCForumDisplayCell.m in Sources */,
				420D98671B92982C00AEAED3 /* RESideMenu.m in Sources */,
				420D98811B929C2B00AEAED3 /* GCLeftMenuViewController.m in Sources */,
				4277FC8A1B99E174002BE7FC /* GCSettingViewController.m in Sources */,
				428F71201B89B21E0023E501 /* GCMyFavThreadArray.m in Sources */,
				42657DD51B99B69B001F8DFC /* GCForumIndexCell.m in Sources */,
				4277FC871B99E05C002BE7FC /* GCLoginViewController.m in Sources */,
				42657DC41B999EA0001F8DFC /* UIColor+Custom.m in Sources */,
				42657DBD1B998C49001F8DFC /* GCForumIndexViewController.m in Sources */,
				425FB2E81B84C23B00B6A89B /* AppDelegate.m in Sources */,
				420D98801B929C2B00AEAED3 /* GCBaseViewController.m in Sources */,
				420D98821B929C2B00AEAED3 /* GCNavigationController.m in Sources */,
				426E7CA61B88E89100BE70D9 /* GCThreadDetailModel.m in Sources */,
				428260681B84CE03007CBCF4 /* GCNetworkManager.m in Sources */,
				428F71171B89A1460023E501 /* GCLoginModel.m in Sources */,
				42F4689F1B8790C10010DA70 /* GCForumIndexArray.m in Sources */,
				425FB2E51B84C23B00B6A89B /* main.m in Sources */,
				428F71261B89C0230023E501 /* GCSendReplyModel.m in Sources */,
			);
			runOnlyForDeploymentPostprocessing = 0;
		};
		425FB2F71B84C23B00B6A89B /* Sources */ = {
			isa = PBXSourcesBuildPhase;
			buildActionMask = 2147483647;
			files = (
				425FB3021B84C23B00B6A89B /* GuitarChinaTests.m in Sources */,
			);
			runOnlyForDeploymentPostprocessing = 0;
		};
/* End PBXSourcesBuildPhase section */

/* Begin PBXTargetDependency section */
		425FB2FD1B84C23B00B6A89B /* PBXTargetDependency */ = {
			isa = PBXTargetDependency;
			target = 425FB2DE1B84C23B00B6A89B /* GuitarChina */;
			targetProxy = 425FB2FC1B84C23B00B6A89B /* PBXContainerItemProxy */;
		};
/* End PBXTargetDependency section */

/* Begin PBXVariantGroup section */
		425FB2F41B84C23B00B6A89B /* LaunchScreen.xib */ = {
			isa = PBXVariantGroup;
			children = (
				425FB2F51B84C23B00B6A89B /* Base */,
				42657DDB1B99CA95001F8DFC /* zh-Hans */,
			);
			name = LaunchScreen.xib;
			sourceTree = "<group>";
		};
		42657DDE1B99CAA2001F8DFC /* Localizable.strings */ = {
			isa = PBXVariantGroup;
			children = (
				42657DDD1B99CAA2001F8DFC /* Base */,
				42657DE01B99CAAF001F8DFC /* en */,
			);
			name = Localizable.strings;
			sourceTree = "<group>";
		};
/* End PBXVariantGroup section */

/* Begin XCBuildConfiguration section */
		425FB3031B84C23B00B6A89B /* Debug */ = {
			isa = XCBuildConfiguration;
			buildSettings = {
				ALWAYS_SEARCH_USER_PATHS = NO;
				CLANG_CXX_LANGUAGE_STANDARD = "gnu++0x";
				CLANG_CXX_LIBRARY = "libc++";
				CLANG_ENABLE_MODULES = YES;
				CLANG_ENABLE_OBJC_ARC = YES;
				CLANG_WARN_BOOL_CONVERSION = YES;
				CLANG_WARN_CONSTANT_CONVERSION = YES;
				CLANG_WARN_DIRECT_OBJC_ISA_USAGE = YES_ERROR;
				CLANG_WARN_EMPTY_BODY = YES;
				CLANG_WARN_ENUM_CONVERSION = YES;
				CLANG_WARN_INT_CONVERSION = YES;
				CLANG_WARN_OBJC_ROOT_CLASS = YES_ERROR;
				CLANG_WARN_UNREACHABLE_CODE = YES;
				CLANG_WARN__DUPLICATE_METHOD_MATCH = YES;
				"CODE_SIGN_IDENTITY[sdk=iphoneos*]" = "iPhone Developer";
				COPY_PHASE_STRIP = NO;
				DEBUG_INFORMATION_FORMAT = "dwarf-with-dsym";
				ENABLE_STRICT_OBJC_MSGSEND = YES;
				GCC_C_LANGUAGE_STANDARD = gnu99;
				GCC_DYNAMIC_NO_PIC = NO;
				GCC_NO_COMMON_BLOCKS = YES;
				GCC_OPTIMIZATION_LEVEL = 0;
				GCC_PREPROCESSOR_DEFINITIONS = (
					"DEBUG=1",
					"$(inherited)",
				);
				GCC_SYMBOLS_PRIVATE_EXTERN = NO;
				GCC_WARN_64_TO_32_BIT_CONVERSION = YES;
				GCC_WARN_ABOUT_RETURN_TYPE = YES_ERROR;
				GCC_WARN_UNDECLARED_SELECTOR = YES;
				GCC_WARN_UNINITIALIZED_AUTOS = YES_AGGRESSIVE;
				GCC_WARN_UNUSED_FUNCTION = YES;
				GCC_WARN_UNUSED_VARIABLE = YES;
				IPHONEOS_DEPLOYMENT_TARGET = 7.0;
				MTL_ENABLE_DEBUG_INFO = YES;
				ONLY_ACTIVE_ARCH = YES;
				SDKROOT = iphoneos;
			};
			name = Debug;
		};
		425FB3041B84C23B00B6A89B /* Release */ = {
			isa = XCBuildConfiguration;
			buildSettings = {
				ALWAYS_SEARCH_USER_PATHS = NO;
				CLANG_CXX_LANGUAGE_STANDARD = "gnu++0x";
				CLANG_CXX_LIBRARY = "libc++";
				CLANG_ENABLE_MODULES = YES;
				CLANG_ENABLE_OBJC_ARC = YES;
				CLANG_WARN_BOOL_CONVERSION = YES;
				CLANG_WARN_CONSTANT_CONVERSION = YES;
				CLANG_WARN_DIRECT_OBJC_ISA_USAGE = YES_ERROR;
				CLANG_WARN_EMPTY_BODY = YES;
				CLANG_WARN_ENUM_CONVERSION = YES;
				CLANG_WARN_INT_CONVERSION = YES;
				CLANG_WARN_OBJC_ROOT_CLASS = YES_ERROR;
				CLANG_WARN_UNREACHABLE_CODE = YES;
				CLANG_WARN__DUPLICATE_METHOD_MATCH = YES;
				"CODE_SIGN_IDENTITY[sdk=iphoneos*]" = "iPhone Developer";
				COPY_PHASE_STRIP = NO;
				DEBUG_INFORMATION_FORMAT = "dwarf-with-dsym";
				ENABLE_NS_ASSERTIONS = NO;
				ENABLE_STRICT_OBJC_MSGSEND = YES;
				GCC_C_LANGUAGE_STANDARD = gnu99;
				GCC_NO_COMMON_BLOCKS = YES;
				GCC_WARN_64_TO_32_BIT_CONVERSION = YES;
				GCC_WARN_ABOUT_RETURN_TYPE = YES_ERROR;
				GCC_WARN_UNDECLARED_SELECTOR = YES;
				GCC_WARN_UNINITIALIZED_AUTOS = YES_AGGRESSIVE;
				GCC_WARN_UNUSED_FUNCTION = YES;
				GCC_WARN_UNUSED_VARIABLE = YES;
				IPHONEOS_DEPLOYMENT_TARGET = 7.0;
				MTL_ENABLE_DEBUG_INFO = NO;
				SDKROOT = iphoneos;
				VALIDATE_PRODUCT = YES;
			};
			name = Release;
		};
		425FB3061B84C23B00B6A89B /* Debug */ = {
			isa = XCBuildConfiguration;
			baseConfigurationReference = 2C73355A6429B32FC1969A32 /* Pods.debug.xcconfig */;
			buildSettings = {
				ASSETCATALOG_COMPILER_APPICON_NAME = AppIcon;
				CODE_SIGN_IDENTITY = "iPhone Developer: Wei Feng Hou (MCDSJY34TT)";
				GCC_PREFIX_HEADER = "$(SRCROOT)/GuitarChina/PrefixHeader.pch";
				INFOPLIST_FILE = GuitarChina/Info.plist;
				IPHONEOS_DEPLOYMENT_TARGET = 7.0;
				LD_RUNPATH_SEARCH_PATHS = "$(inherited) @executable_path/Frameworks";
				PRODUCT_NAME = "$(TARGET_NAME)";
				TARGETED_DEVICE_FAMILY = 1;
			};
			name = Debug;
		};
		425FB3071B84C23B00B6A89B /* Release */ = {
			isa = XCBuildConfiguration;
			baseConfigurationReference = AFDC071C669AEB06233DAB0B /* Pods.release.xcconfig */;
			buildSettings = {
				ASSETCATALOG_COMPILER_APPICON_NAME = AppIcon;
				CODE_SIGN_IDENTITY = "iPhone Developer: Wei Feng Hou (MCDSJY34TT)";
				GCC_PREFIX_HEADER = "$(SRCROOT)/GuitarChina/PrefixHeader.pch";
				INFOPLIST_FILE = GuitarChina/Info.plist;
				IPHONEOS_DEPLOYMENT_TARGET = 7.0;
				LD_RUNPATH_SEARCH_PATHS = "$(inherited) @executable_path/Frameworks";
				PRODUCT_NAME = "$(TARGET_NAME)";
				TARGETED_DEVICE_FAMILY = 1;
			};
			name = Release;
		};
		425FB3091B84C23B00B6A89B /* Debug */ = {
			isa = XCBuildConfiguration;
			buildSettings = {
				BUNDLE_LOADER = "$(TEST_HOST)";
				FRAMEWORK_SEARCH_PATHS = (
					"$(SDKROOT)/Developer/Library/Frameworks",
					"$(inherited)",
				);
				GCC_PREPROCESSOR_DEFINITIONS = (
					"DEBUG=1",
					"$(inherited)",
				);
				INFOPLIST_FILE = GuitarChinaTests/Info.plist;
				LD_RUNPATH_SEARCH_PATHS = "$(inherited) @executable_path/Frameworks @loader_path/Frameworks";
				PRODUCT_NAME = "$(TARGET_NAME)";
				TEST_HOST = "$(BUILT_PRODUCTS_DIR)/GuitarChina.app/GuitarChina";
			};
			name = Debug;
		};
		425FB30A1B84C23B00B6A89B /* Release */ = {
			isa = XCBuildConfiguration;
			buildSettings = {
				BUNDLE_LOADER = "$(TEST_HOST)";
				FRAMEWORK_SEARCH_PATHS = (
					"$(SDKROOT)/Developer/Library/Frameworks",
					"$(inherited)",
				);
				INFOPLIST_FILE = GuitarChinaTests/Info.plist;
				LD_RUNPATH_SEARCH_PATHS = "$(inherited) @executable_path/Frameworks @loader_path/Frameworks";
				PRODUCT_NAME = "$(TARGET_NAME)";
				TEST_HOST = "$(BUILT_PRODUCTS_DIR)/GuitarChina.app/GuitarChina";
			};
			name = Release;
		};
/* End XCBuildConfiguration section */

/* Begin XCConfigurationList section */
		425FB2DA1B84C23B00B6A89B /* Build configuration list for PBXProject "GuitarChina" */ = {
			isa = XCConfigurationList;
			buildConfigurations = (
				425FB3031B84C23B00B6A89B /* Debug */,
				425FB3041B84C23B00B6A89B /* Release */,
			);
			defaultConfigurationIsVisible = 0;
			defaultConfigurationName = Release;
		};
		425FB3051B84C23B00B6A89B /* Build configuration list for PBXNativeTarget "GuitarChina" */ = {
			isa = XCConfigurationList;
			buildConfigurations = (
				425FB3061B84C23B00B6A89B /* Debug */,
				425FB3071B84C23B00B6A89B /* Release */,
			);
			defaultConfigurationIsVisible = 0;
			defaultConfigurationName = Release;
		};
		425FB3081B84C23B00B6A89B /* Build configuration list for PBXNativeTarget "GuitarChinaTests" */ = {
			isa = XCConfigurationList;
			buildConfigurations = (
				425FB3091B84C23B00B6A89B /* Debug */,
				425FB30A1B84C23B00B6A89B /* Release */,
			);
			defaultConfigurationIsVisible = 0;
			defaultConfigurationName = Release;
		};
/* End XCConfigurationList section */

/* Begin XCVersionGroup section */
		425FB2E91B84C23B00B6A89B /* GuitarChina.xcdatamodeld */ = {
			isa = XCVersionGroup;
			children = (
				425FB2EA1B84C23B00B6A89B /* GuitarChina.xcdatamodel */,
			);
			currentVersion = 425FB2EA1B84C23B00B6A89B /* GuitarChina.xcdatamodel */;
			path = GuitarChina.xcdatamodeld;
			sourceTree = "<group>";
			versionGroupType = wrapper.xcdatamodel;
		};
/* End XCVersionGroup section */
	};
	rootObject = 425FB2D71B84C23B00B6A89B /* Project object */;
}
